
Microsoft Visual Studio Solution File, Format Version 12.00
# Visual Studio Version 16
VisualStudioVersion = 16.0.29709.97
MinimumVisualStudioVersion = 10.0.40219.1
Project("{9A19103F-16F7-4668-BE54-9A1E7A4F7556}") = "Tedd.WildcardMatch", "Tedd.WildcardMatch\Tedd.WildcardMatch.csproj", "{8FD76BA0-6BD3-4F56-960D-FA4911C4A456}"
EndProject
Project("{9A19103F-16F7-4668-BE54-9A1E7A4F7556}") = "Tedd.WildcardMatch.Tests", "Tedd.WildcardMatch.Tests\Tedd.WildcardMatch.Tests.csproj", "{D9E142B2-0F13-41F8-8EE7-F682129A4EEA}"
EndProject
Global
	GlobalSection(SolutionConfigurationPlatforms) = preSolution
		Debug|Any CPU = Debug|Any CPU
		Release|Any CPU = Release|Any CPU
	EndGlobalSection
	GlobalSection(ProjectConfigurationPlatforms) = postSolution
		{8FD76BA0-6BD3-4F56-960D-FA4911C4A456}.Debug|Any CPU.ActiveCfg = Debug|Any CPU
		{8FD76BA0-6BD3-4F56-960D-FA4911C4A456}.Debug|Any CPU.Build.0 = Debug|Any CPU
		{8FD76BA0-6BD3-4F56-960D-FA4911C4A456}.Release|Any CPU.ActiveCfg = Release|Any CPU
		{8FD76BA0-6BD3-4F56-960D-FA4911C4A456}.Release|Any CPU.Build.0 = Release|Any CPU
		{D9E142B2-0F13-41F8-8EE7-F682129A4EEA}.Debug|Any CPU.ActiveCfg = Debug|Any CPU
		{D9E142B2-0F13-41F8-8EE7-F682129A4EEA}.Debug|Any CPU.Build.0 = Debug|Any CPU
		{D9E142B2-0F13-41F8-8EE7-F682129A4EEA}.Release|Any CPU.ActiveCfg = Release|Any CPU
		{D9E142B2-0F13-41F8-8EE7-F682129A4EEA}.Release|Any CPU.Build.0 = Release|Any CPU
	EndGlobalSection
	GlobalSection(SolutionProperties) = preSolution
		HideSolutionNode = FALSE
	EndGlobalSection
	GlobalSection(ExtensibilityGlobals) = postSolution
		SolutionGuid = {697C08E3-1CC3-4822-90AF-C9FA19E5DC28}
	EndGlobalSection
EndGlobal
